
Microsoft Visual Studio Solution File, Format Version 12.00
# Visual Studio 2012
Project("{FAE04EC0-301F-11D3-BF4B-00C04F79EFBC}") = "C01复习", "C01复习\C01复习.csproj", "{1470743D-9983-4493-AFC7-CD4D9AA9157B}"
EndProject
Project("{FAE04EC0-301F-11D3-BF4B-00C04F79EFBC}") = "C02Hashtable", "C02Hashtable\C02Hashtable.csproj", "{86AB181F-A739-46D2-86E7-C9929ACC2281}"
EndProject
Project("{FAE04EC0-301F-11D3-BF4B-00C04F79EFBC}") = "C03异常处理", "C03异常处理\C03异常处理.csproj", "{3EB8F3FF-CAEC-455C-9006-8557E71A3DB3}"
EndProject
Project("{FAE04EC0-301F-11D3-BF4B-00C04F79EFBC}") = "C04窗体应用程序", "C04窗体应用程序\C04窗体应用程序.csproj", "{13D753D2-F58C-4265-8F7B-EE1258542581}"
EndProject
Project("{FAE04EC0-301F-11D3-BF4B-00C04F79EFBC}") = "C05窗体应用程序", "C05窗体应用程序\C05窗体应用程序.csproj", "{16458255-B553-4032-977C-547650A31341}"
EndProject
Project("{FAE04EC0-301F-11D3-BF4B-00C04F79EFBC}") = "C06WinFormDemp", "C06WinFormDemp\C06WinFormDemp.csproj", "{7A5AD376-5096-4C1F-88DD-3D82743724FA}"
EndProject
Project("{FAE04EC0-301F-11D3-BF4B-00C04F79EFBC}") = "C07窗体案例", "C07窗体案例\C07窗体案例.csproj", "{143AFC10-3682-4E55-A8B5-55EBD9EA263F}"
EndProject
Project("{FAE04EC0-301F-11D3-BF4B-00C04F79EFBC}") = "C08单例模式", "C08单例模式\C08单例模式.csproj", "{C58EB0A9-265B-410C-BDC5-5DD8A2267C04}"
EndProject
Project("{FAE04EC0-301F-11D3-BF4B-00C04F79EFBC}") = "C09子窗体", "C09子窗体\C09子窗体.csproj", "{DB99F770-BCFB-4F3C-A027-DD537E275A93}"
EndProject
Project("{FAE04EC0-301F-11D3-BF4B-00C04F79EFBC}") = "C10文件流", "C10文件流\C10文件流.csproj", "{5678AB8F-1C0C-4A68-A0E7-99A6BF13284E}"
EndProject
Project("{FAE04EC0-301F-11D3-BF4B-00C04F79EFBC}") = "C11 资源管理器", "C11 资源管理器\C11 资源管理器.csproj", "{4ABA721C-10CF-42B0-B045-549319ED8C9A}"
EndProject
Global
	GlobalSection(SolutionConfigurationPlatforms) = preSolution
		Debug|Any CPU = Debug|Any CPU
		Release|Any CPU = Release|Any CPU
	EndGlobalSection
	GlobalSection(ProjectConfigurationPlatforms) = postSolution
		{1470743D-9983-4493-AFC7-CD4D9AA9157B}.Debug|Any CPU.ActiveCfg = Debug|Any CPU
		{1470743D-9983-4493-AFC7-CD4D9AA9157B}.Debug|Any CPU.Build.0 = Debug|Any CPU
		{1470743D-9983-4493-AFC7-CD4D9AA9157B}.Release|Any CPU.ActiveCfg = Release|Any CPU
		{1470743D-9983-4493-AFC7-CD4D9AA9157B}.Release|Any CPU.Build.0 = Release|Any CPU
		{86AB181F-A739-46D2-86E7-C9929ACC2281}.Debug|Any CPU.ActiveCfg = Debug|Any CPU
		{86AB181F-A739-46D2-86E7-C9929ACC2281}.Debug|Any CPU.Build.0 = Debug|Any CPU
		{86AB181F-A739-46D2-86E7-C9929ACC2281}.Release|Any CPU.ActiveCfg = Release|Any CPU
		{86AB181F-A739-46D2-86E7-C9929ACC2281}.Release|Any CPU.Build.0 = Release|Any CPU
		{3EB8F3FF-CAEC-455C-9006-8557E71A3DB3}.Debug|Any CPU.ActiveCfg = Debug|Any CPU
		{3EB8F3FF-CAEC-455C-9006-8557E71A3DB3}.Debug|Any CPU.Build.0 = Debug|Any CPU
		{3EB8F3FF-CAEC-455C-9006-8557E71A3DB3}.Release|Any CPU.ActiveCfg = Release|Any CPU
		{3EB8F3FF-CAEC-455C-9006-8557E71A3DB3}.Release|Any CPU.Build.0 = Release|Any CPU
		{13D753D2-F58C-4265-8F7B-EE1258542581}.Debug|Any CPU.ActiveCfg = Debug|Any CPU
		{13D753D2-F58C-4265-8F7B-EE1258542581}.Debug|Any CPU.Build.0 = Debug|Any CPU
		{13D753D2-F58C-4265-8F7B-EE1258542581}.Release|Any CPU.ActiveCfg = Release|Any CPU
		{13D753D2-F58C-4265-8F7B-EE1258542581}.Release|Any CPU.Build.0 = Release|Any CPU
		{16458255-B553-4032-977C-547650A31341}.Debug|Any CPU.ActiveCfg = Debug|Any CPU
		{16458255-B553-4032-977C-547650A31341}.Debug|Any CPU.Build.0 = Debug|Any CPU
		{16458255-B553-4032-977C-547650A31341}.Release|Any CPU.ActiveCfg = Release|Any CPU
		{16458255-B553-4032-977C-547650A31341}.Release|Any CPU.Build.0 = Release|Any CPU
		{7A5AD376-5096-4C1F-88DD-3D82743724FA}.Debug|Any CPU.ActiveCfg = Debug|Any CPU
		{7A5AD376-5096-4C1F-88DD-3D82743724FA}.Debug|Any CPU.Build.0 = Debug|Any CPU
		{7A5AD376-5096-4C1F-88DD-3D82743724FA}.Release|Any CPU.ActiveCfg = Release|Any CPU
		{7A5AD376-5096-4C1F-88DD-3D82743724FA}.Release|Any CPU.Build.0 = Release|Any CPU
		{143AFC10-3682-4E55-A8B5-55EBD9EA263F}.Debug|Any CPU.ActiveCfg = Debug|Any CPU
		{143AFC10-3682-4E55-A8B5-55EBD9EA263F}.Debug|Any CPU.Build.0 = Debug|Any CPU
		{143AFC10-3682-4E55-A8B5-55EBD9EA263F}.Release|Any CPU.ActiveCfg = Release|Any CPU
		{143AFC10-3682-4E55-A8B5-55EBD9EA263F}.Release|Any CPU.Build.0 = Release|Any CPU
		{C58EB0A9-265B-410C-BDC5-5DD8A2267C04}.Debug|Any CPU.ActiveCfg = Debug|Any CPU
		{C58EB0A9-265B-410C-BDC5-5DD8A2267C04}.Debug|Any CPU.Build.0 = Debug|Any CPU
		{C58EB0A9-265B-410C-BDC5-5DD8A2267C04}.Release|Any CPU.ActiveCfg = Release|Any CPU
		{C58EB0A9-265B-410C-BDC5-5DD8A2267C04}.Release|Any CPU.Build.0 = Release|Any CPU
		{DB99F770-BCFB-4F3C-A027-DD537E275A93}.Debug|Any CPU.ActiveCfg = Debug|Any CPU
		{DB99F770-BCFB-4F3C-A027-DD537E275A93}.Debug|Any CPU.Build.0 = Debug|Any CPU
		{DB99F770-BCFB-4F3C-A027-DD537E275A93}.Release|Any CPU.ActiveCfg = Release|Any CPU
		{DB99F770-BCFB-4F3C-A027-DD537E275A93}.Release|Any CPU.Build.0 = Release|Any CPU
		{5678AB8F-1C0C-4A68-A0E7-99A6BF13284E}.Debug|Any CPU.ActiveCfg = Debug|Any CPU
		{5678AB8F-1C0C-4A68-A0E7-99A6BF13284E}.Debug|Any CPU.Build.0 = Debug|Any CPU
		{5678AB8F-1C0C-4A68-A0E7-99A6BF13284E}.Release|Any CPU.ActiveCfg = Release|Any CPU
		{5678AB8F-1C0C-4A68-A0E7-99A6BF13284E}.Release|Any CPU.Build.0 = Release|Any CPU
		{4ABA721C-10CF-42B0-B045-549319ED8C9A}.Debug|Any CPU.ActiveCfg = Debug|Any CPU
		{4ABA721C-10CF-42B0-B045-549319ED8C9A}.Debug|Any CPU.Build.0 = Debug|Any CPU
		{4ABA721C-10CF-42B0-B045-549319ED8C9A}.Release|Any CPU.ActiveCfg = Release|Any CPU
		{4ABA721C-10CF-42B0-B045-549319ED8C9A}.Release|Any CPU.Build.0 = Release|Any CPU
	EndGlobalSection
	GlobalSection(SolutionProperties) = preSolution
		HideSolutionNode = FALSE
	EndGlobalSection
EndGlobal
